{
  "name": "rockmore",
  "version": "1.0.0",
  "lockfileVersion": 1,
  "requires": true,
  "dependencies": {
    "bjorklund-js": {
      "version": "0.1.2",
      "resolved": "https://registry.npmjs.org/bjorklund-js/-/bjorklund-js-0.1.2.tgz",
      "integrity": "sha512-/EaODVh6UeRaz6/JA+wZXjnrvrpqIqmfJIifR8mVDiKuy1tSJPMAwZCd2RO4vJ7TPFTBpRAA28iGUwc5YNL4nA=="
    }
  }
}
