{
  "name": "timing_server",
  "version": "1.0.0",
  "lockfileVersion": 1,
  "requires": true,
  "dependencies": {
    "@babel/runtime": {
      "version": "7.7.4",
      "resolved": "https://registry.npmjs.org/@babel/runtime/-/runtime-7.7.4.tgz",
      "integrity": "sha512-r24eVUUr0QqNZa+qrImUk8fn5SPhHq+IfYvIoIMg0do3GdK9sMdiLKP3GYVVaxpPKORgm8KRKaNTEhAjgIpLMw==",
      "requires": {
        "regenerator-runtime": "^0.13.2"
      }
    },
    "regenerator-runtime": {
      "version": "0.13.3",
      "resolved": "https://registry.npmjs.org/regenerator-runtime/-/regenerator-runtime-0.13.3.tgz",
      "integrity": "sha512-naKIZz2GQ8JWh///G7L3X6LaQUAMp2lvb1rvwwsURe/VXwD6VMfr+/1NuNw3ag8v2kY1aQ/go5SNn79O9JU7yw=="
    },
    "rxjs": {
      "version": "6.5.3",
      "resolved": "https://registry.npmjs.org/rxjs/-/rxjs-6.5.3.tgz",
      "integrity": "sha512-wuYsAYYFdWTAnAaPoKGNhfpWwKZbJW+HgAJ+mImp+Epl7BG8oNWBCTyRM8gba9k4lk8BgWdoYm21Mo/RYhhbgA==",
      "requires": {
        "tslib": "^1.9.0"
      }
    },
    "rxjs-broker": {
      "version": "5.1.1",
      "resolved": "https://registry.npmjs.org/rxjs-broker/-/rxjs-broker-5.1.1.tgz",
      "integrity": "sha512-ioxnx0z5nsImklErKoj9Z829s+czJTJQ72j2uR52tRVJ286JhUcPUkjUZsNfJm6u6GFnDp6NMlyH69xm+Js72w==",
      "requires": {
        "@babel/runtime": "^7.7.4",
        "tslib": "^1.10.0"
      }
    },
    "rxjs-connector": {
      "version": "3.1.1",
      "resolved": "https://registry.npmjs.org/rxjs-connector/-/rxjs-connector-3.1.1.tgz",
      "integrity": "sha512-7MO7kEyNa177g3lnoqlMYMS48ZR9GJoj0uZ+cpaGWiHi20AF7WBqbigE4zSLx8kuvj2NuxjJZ7jzCyr8UyfD8g==",
      "requires": {
        "@babel/runtime": "^7.7.4",
        "rxjs-broker": "^5.1.1",
        "tslib": "^1.10.0"
      }
    },
    "timing-object": {
      "version": "2.1.15",
      "resolved": "https://registry.npmjs.org/timing-object/-/timing-object-2.1.15.tgz",
      "integrity": "sha512-kIV+uNzGzG2JDoI6Z5bauJ6NZOtg9SsstKPxlQnJi6qKLkEGIGMnRD05i97j2y/kO7XdS+4TLX5qq2gGn9rJDg==",
      "requires": {
        "@babel/runtime": "^7.7.4",
        "tslib": "^1.10.0"
      }
    },
    "timing-provider": {
      "version": "3.0.31",
      "resolved": "https://registry.npmjs.org/timing-provider/-/timing-provider-3.0.31.tgz",
      "integrity": "sha512-nKywfvH79rDxcr8QxcSL4ImmFUI5p/wlFX4FEUljM2f07FsyW2VP3y0fCpEu/5nIVyKMvT6v9+Y8g8FUytxUcA==",
      "requires": {
        "@babel/runtime": "^7.7.4",
        "rxjs": "^6.5.3",
        "rxjs-broker": "^5.1.1",
        "rxjs-connector": "^3.1.1",
        "timing-object": "^2.1.15",
        "tslib": "^1.10.0"
      }
    },
    "tslib": {
      "version": "1.10.0",
      "resolved": "https://registry.npmjs.org/tslib/-/tslib-1.10.0.tgz",
      "integrity": "sha512-qOebF53frne81cf0S9B41ByenJ3/IuH8yJKngAX35CmiZySA0khhkovshKK+jGCaMnVomla7gVlIcc3EvKPbTQ=="
    }
  }
}
